<?xml version="1.0" encoding="utf-8"?>
<Project ToolsVersion="4.0" xmlns="http://schemas.microsoft.com/developer/msbuild/2003">
  <ItemGroup>
    <Filter Include="Source Files">
      <UniqueIdentifier>{4FC737F1-C7A5-4376-A066-2A32D752A2FF}</UniqueIdentifier>
      <Extensions>cpp;c;cc;cxx;c++;def;odl;idl;hpj;bat;asm;asmx</Extensions>
    </Filter>
    <Filter Include="Header Files">
      <UniqueIdentifier>{93995380-89BD-4b04-88EB-625FBE52EBFB}</UniqueIdentifier>
      <Extensions>h;hh;hpp;hxx;h++;hm;inl;inc;ipp;xsd</Extensions>
    </Filter>
    <Filter Include="Resource Files">
      <UniqueIdentifier>{67DA6AB6-F800-4c08-8B7A-83BB121AAD01}</UniqueIdentifier>
      <Extensions>rc;ico;cur;bmp;dlg;rc2;rct;bin;rgs;gif;jpg;jpeg;jpe;resx;tiff;tif;png;wav;mfcribbon-ms</Extensions>
    </Filter>
    <Filter Include="Header Files\unit_tests">
      <UniqueIdentifier>{2c9669cd-5f2c-4341-aa38-9f2661f2382d}</UniqueIdentifier>
    </Filter>
    <Filter Include="Scripts">
      <UniqueIdentifier>{57f6030a-3bec-4015-ad44-a6ad2618cd4e}</UniqueIdentifier>
    </Filter>
  </ItemGroup>
  <ItemGroup>
    <ClInclude Include="src\unit_tests\test_algorithm_rda.h">
      <Filter>Header Files\unit_tests</Filter>
    </ClInclude>
    <ClInclude Include="src\unit_tests\test_bidirectional_map.h">
      <Filter>Header Files\unit_tests</Filter>
    </ClInclude>
    <ClInclude Include="src\unit_tests\test_fix_message.h">
      <Filter>Header Files\unit_tests</Filter>
    </ClInclude>
    <ClInclude Include="src\unit_tests\test_json.h">
      <Filter>Header Files\unit_tests</Filter>
    </ClInclude>
    <ClInclude Include="src\unit_tests\test_one_to_one_map.h">
      <Filter>Header Files\unit_tests</Filter>
    </ClInclude>
    <ClInclude Include="src\unit_tests\test_toolean.h">
      <Filter>Header Files\unit_tests</Filter>
    </ClInclude>
    <ClInclude Include="src\unit_tests\test_xml.h">
      <Filter>Header Files\unit_tests</Filter>
    </ClInclude>
    <ClInclude Include="src\unit_tests\test_ymd.h">
      <Filter>Header Files\unit_tests</Filter>
    </ClInclude>
    <ClInclude Include="src\unit_tests\unit_test_template.h">
      <Filter>Header Files\unit_tests</Filter>
    </ClInclude>
    <ClInclude Include="src\algorithm_rda.h">
      <Filter>Header Files</Filter>
    </ClInclude>
    <ClInclude Include="src\arbnumber.h">
      <Filter>Header Files</Filter>
    </ClInclude>
    <ClInclude Include="src\benchmark.h">
      <Filter>Header Files</Filter>
    </ClInclude>
    <ClInclude Include="src\bidirectional_map.h">
      <Filter>Header Files</Filter>
    </ClInclude>
    <ClInclude Include="src\comparable.h">
      <Filter>Header Files</Filter>
    </ClInclude>
    <ClInclude Include="src\csv.h">
      <Filter>Header Files</Filter>
    </ClInclude>
    <ClInclude Include="src\fix_message.h">
      <Filter>Header Files</Filter>
    </ClInclude>
    <ClInclude Include="src\json.h">
      <Filter>Header Files</Filter>
    </ClInclude>
    <ClInclude Include="src\lifetime.h">
      <Filter>Header Files</Filter>
    </ClInclude>
    <ClInclude Include="src\one_to_one_map.h">
      <Filter>Header Files</Filter>
    </ClInclude>
    <ClInclude Include="src\statemachine.h">
      <Filter>Header Files</Filter>
    </ClInclude>
    <ClInclude Include="src\table.h">
      <Filter>Header Files</Filter>
    </ClInclude>
    <ClInclude Include="src\toolean.h">
      <Filter>Header Files</Filter>
    </ClInclude>
    <ClInclude Include="src\xml.h">
      <Filter>Header Files</Filter>
    </ClInclude>
    <ClInclude Include="src\ymd.h">
      <Filter>Header Files</Filter>
    </ClInclude>
    <ClInclude Include="src\cmdline_options.h">
      <Filter>Header Files</Filter>
    </ClInclude>
    <ClInclude Include="src\unit_tests\test_cmdline_options.h">
      <Filter>Header Files\unit_tests</Filter>
    </ClInclude>
    <ClInclude Include="src\unit_tests\test_statemachine.h">
      <Filter>Header Files\unit_tests</Filter>
    </ClInclude>
    <ClInclude Include="src\fileio.h">
      <Filter>Header Files</Filter>
    </ClInclude>
    <ClInclude Include="src\unit_tests\test_fileio.h">
      <Filter>Header Files\unit_tests</Filter>
    </ClInclude>
    <ClInclude Include="src\tcp_server.h">
      <Filter>Header Files</Filter>
    </ClInclude>
    <ClInclude Include="src\platform_defs.h">
      <Filter>Header Files</Filter>
    </ClInclude>
    <ClInclude Include="src\platform_defs_posix.h">
      <Filter>Header Files</Filter>
    </ClInclude>
    <ClInclude Include="src\platform_defs_windows.h">
      <Filter>Header Files</Filter>
    </ClInclude>
    <ClInclude Include="src\unit_tests\unit_test_base.h">
      <Filter>Header Files\unit_tests</Filter>
    </ClInclude>
    <ClInclude Include="src\ansi_codes.h">
      <Filter>Header Files</Filter>
    </ClInclude>
    <ClInclude Include="src\fix_message_util.h">
      <Filter>Header Files</Filter>
    </ClInclude>
    <ClInclude Include="src\utility_rda.h">
      <Filter>Header Files</Filter>
    </ClInclude>
    <ClInclude Include="src\unit_tests\test_utility_rda.h">
      <Filter>Header Files\unit_tests</Filter>
    </ClInclude>
    <ClInclude Include="src\fix_db.h">
      <Filter>Header Files</Filter>
    </ClInclude>
    <ClInclude Include="src\regex_builder.h">
      <Filter>Header Files</Filter>
    </ClInclude>
    <ClInclude Include="src\unit_tests\test_regex_builder.h">
      <Filter>Header Files\unit_tests</Filter>
    </ClInclude>
    <ClInclude Include="src\sync_rda.h">
      <Filter>Header Files</Filter>
    </ClInclude>
    <ClInclude Include="src\unit_tests\test_sync_rda.h">
      <Filter>Header Files\unit_tests</Filter>
    </ClInclude>
    <ClInclude Include="src\moaht.h">
      <Filter>Header Files</Filter>
    </ClInclude>
    <ClInclude Include="src\graph.h">
      <Filter>Header Files</Filter>
    </ClInclude>
    <ClInclude Include="src\matrix.h">
      <Filter>Header Files</Filter>
    </ClInclude>
    <ClInclude Include="src\object_builder.h">
      <Filter>Header Files</Filter>
    </ClInclude>
    <ClInclude Include="src\unit_tests\test_object_builder.h">
      <Filter>Header Files\unit_tests</Filter>
    </ClInclude>
    <ClInclude Include="src\htmldoc.h">
      <Filter>Header Files</Filter>
    </ClInclude>
  </ItemGroup>
  <ItemGroup>
    <None Include="README.md" />
    <None Include="TODO.md" />
    <None Include=".gitignore" />
    <None Include="Makefile" />
    <None Include="src\.clang-format">
      <Filter>Source Files</Filter>
    </None>
    <None Include="src\unit_tests\.clang-format">
      <Filter>Header Files\unit_tests</Filter>
    </None>
    <None Include=".clang-format" />
    <None Include="compile_commands.json" />
    <None Include="fix_messages_5_0.json" />
    <None Include="scripts\generate_fix_db.sh">
      <Filter>Scripts</Filter>
    </None>
  </ItemGroup>
  <ItemGroup>
    <ClCompile Include="src\main.cpp">
      <Filter>Source Files</Filter>
    </ClCompile>
  </ItemGroup>
</Project>